{
  "version": 4,
  "terraform_version": "1.4.6",
  "serial": 123,
  "lineage": "f6350790-ecac-1b30-b04c-f912e9d28d7a",
  "outputs": {},
  "resources": [
    {
      "mode": "data",
      "type": "aws_ecr_repository",
      "name": "t3-ecr-extract",
      "provider": "provider[\"registry.terraform.io/hashicorp/aws\"]",
      "instances": [
        {
          "schema_version": 0,
          "attributes": {
            "arn": "arn:aws:ecr:eu-west-2:605126261673:repository/t3-ecr-extract",
            "encryption_configuration": [
              {
                "encryption_type": "AES256",
                "kms_key": ""
              }
            ],
            "id": "t3-ecr-extract",
            "image_scanning_configuration": [
              {
                "scan_on_push": false
              }
            ],
            "image_tag_mutability": "MUTABLE",
            "most_recent_image_tags": [
              "latest"
            ],
            "name": "t3-ecr-extract",
            "registry_id": "605126261673",
            "repository_url": "605126261673.dkr.ecr.eu-west-2.amazonaws.com/t3-ecr-extract",
            "tags": {}
          },
          "sensitive_attributes": []
        }
      ]
    },
    {
      "mode": "data",
      "type": "aws_ecr_repository",
      "name": "t3-ecr-load",
      "provider": "provider[\"registry.terraform.io/hashicorp/aws\"]",
      "instances": [
        {
          "schema_version": 0,
          "attributes": {
            "arn": "arn:aws:ecr:eu-west-2:605126261673:repository/t3-ecr-load",
            "encryption_configuration": [
              {
                "encryption_type": "AES256",
                "kms_key": ""
              }
            ],
            "id": "t3-ecr-load",
            "image_scanning_configuration": [
              {
                "scan_on_push": false
              }
            ],
            "image_tag_mutability": "MUTABLE",
            "most_recent_image_tags": [
              "latest"
            ],
            "name": "t3-ecr-load",
            "registry_id": "605126261673",
            "repository_url": "605126261673.dkr.ecr.eu-west-2.amazonaws.com/t3-ecr-load",
            "tags": {}
          },
          "sensitive_attributes": []
        }
      ]
    },
    {
      "mode": "data",
      "type": "aws_ecr_repository",
      "name": "t3-ecr-transform",
      "provider": "provider[\"registry.terraform.io/hashicorp/aws\"]",
      "instances": [
        {
          "schema_version": 0,
          "attributes": {
            "arn": "arn:aws:ecr:eu-west-2:605126261673:repository/t3-ecr-transform",
            "encryption_configuration": [
              {
                "encryption_type": "AES256",
                "kms_key": ""
              }
            ],
            "id": "t3-ecr-transform",
            "image_scanning_configuration": [
              {
                "scan_on_push": false
              }
            ],
            "image_tag_mutability": "MUTABLE",
            "most_recent_image_tags": [
              "latest"
            ],
            "name": "t3-ecr-transform",
            "registry_id": "605126261673",
            "repository_url": "605126261673.dkr.ecr.eu-west-2.amazonaws.com/t3-ecr-transform",
            "tags": {}
          },
          "sensitive_attributes": []
        }
      ]
    },
    {
      "mode": "data",
      "type": "aws_iam_policy_document",
      "name": "AWSLambdaTrustPolicy",
      "provider": "provider[\"registry.terraform.io/hashicorp/aws\"]",
      "instances": [
        {
          "schema_version": 0,
          "attributes": {
            "id": "3693445097",
            "json": "{\n  \"Version\": \"2012-10-17\",\n  \"Statement\": [\n    {\n      \"Sid\": \"\",\n      \"Effect\": \"Allow\",\n      \"Action\": \"sts:AssumeRole\",\n      \"Principal\": {\n        \"Service\": \"lambda.amazonaws.com\"\n      }\n    }\n  ]\n}",
            "override_json": null,
            "override_policy_documents": null,
            "policy_id": null,
            "source_json": null,
            "source_policy_documents": null,
            "statement": [
              {
                "actions": [
                  "sts:AssumeRole"
                ],
                "condition": [],
                "effect": "Allow",
                "not_actions": [],
                "not_principals": [],
                "not_resources": [],
                "principals": [
                  {
                    "identifiers": [
                      "lambda.amazonaws.com"
                    ],
                    "type": "Service"
                  }
                ],
                "resources": [],
                "sid": ""
              }
            ],
            "version": "2012-10-17"
          },
          "sensitive_attributes": []
        }
      ]
    },
    {
      "mode": "managed",
      "type": "aws_db_instance",
      "name": "t3-output-rds",
      "provider": "provider[\"registry.terraform.io/hashicorp/aws\"]",
      "instances": [
        {
          "schema_version": 1,
          "attributes": {
            "address": "t3-output-rds.c1i5dspnearp.eu-west-2.rds.amazonaws.com",
            "allocated_storage": 5,
            "allow_major_version_upgrade": null,
            "apply_immediately": false,
            "arn": "arn:aws:rds:eu-west-2:605126261673:db:t3-output-rds",
            "auto_minor_version_upgrade": true,
            "availability_zone": "eu-west-2b",
            "backup_retention_period": 0,
            "backup_window": "05:15-05:45",
            "blue_green_update": [],
            "ca_cert_identifier": "rds-ca-2019",
            "character_set_name": "",
            "copy_tags_to_snapshot": false,
            "custom_iam_instance_profile": "",
            "customer_owned_ip_enabled": false,
            "db_name": "",
            "db_subnet_group_name": "c7-public-db-subnet-group",
            "delete_automated_backups": true,
            "deletion_protection": false,
            "domain": "",
            "domain_iam_role_name": "",
            "enabled_cloudwatch_logs_exports": null,
            "endpoint": "t3-output-rds.c1i5dspnearp.eu-west-2.rds.amazonaws.com:5432",
            "engine": "postgres",
            "engine_version": "14.6",
            "engine_version_actual": "14.6",
            "final_snapshot_identifier": null,
            "hosted_zone_id": "Z1TTGA775OQIYO",
            "iam_database_authentication_enabled": false,
            "id": "t3-output-rds",
            "identifier": "t3-output-rds",
            "identifier_prefix": "",
            "instance_class": "db.t3.micro",
            "iops": 0,
            "kms_key_id": "",
            "latest_restorable_time": "",
            "license_model": "postgresql-license",
            "listener_endpoint": [],
            "maintenance_window": "tue:01:08-tue:01:38",
            "manage_master_user_password": null,
            "master_user_secret": [],
            "master_user_secret_kms_key_id": null,
            "max_allocated_storage": 0,
            "monitoring_interval": 0,
            "monitoring_role_arn": "",
            "multi_az": false,
            "name": "",
            "nchar_character_set_name": "",
            "network_type": "IPV4",
            "option_group_name": "default:postgres-14",
            "parameter_group_name": "default.postgres14",
            "password": "c7-is-THE-best-cohort",
            "performance_insights_enabled": false,
            "performance_insights_kms_key_id": "",
            "performance_insights_retention_period": 0,
            "port": 5432,
            "publicly_accessible": true,
            "replica_mode": "",
            "replicas": [],
            "replicate_source_db": "",
            "resource_id": "db-2R6NHG7XYMMHXPVINNLIYEUONU",
            "restore_to_point_in_time": [],
            "s3_import": [],
            "security_group_names": null,
            "skip_final_snapshot": true,
            "snapshot_identifier": null,
            "status": "available",
            "storage_encrypted": false,
            "storage_throughput": 0,
            "storage_type": "gp2",
            "tags": null,
            "tags_all": {},
            "timeouts": null,
            "timezone": "",
            "username": "postgres",
            "vpc_security_group_ids": [
              "sg-01745c9fa38b8ed68"
            ]
          },
          "sensitive_attributes": [],
          "private": "eyJlMmJmYjczMC1lY2FhLTExZTYtOGY4OC0zNDM2M2JjN2M0YzAiOnsiY3JlYXRlIjoyNDAwMDAwMDAwMDAwLCJkZWxldGUiOjM2MDAwMDAwMDAwMDAsInVwZGF0ZSI6NDgwMDAwMDAwMDAwMH0sInNjaGVtYV92ZXJzaW9uIjoiMSJ9"
        }
      ]
    },
    {
      "mode": "managed",
      "type": "aws_iam_role",
      "name": "step_function_role",
      "provider": "provider[\"registry.terraform.io/hashicorp/aws\"]",
      "instances": [
        {
          "schema_version": 0,
          "attributes": {
            "arn": "arn:aws:iam::605126261673:role/step_function_role",
            "assume_role_policy": "{\"Statement\":[{\"Action\":\"sts:AssumeRole\",\"Effect\":\"Allow\",\"Principal\":{\"Service\":\"states.amazonaws.com\"},\"Sid\":\"StepFunctionAssumeRole\"}],\"Version\":\"2008-10-17\"}",
            "create_date": "2023-05-12T13:17:34Z",
            "description": "",
            "force_detach_policies": false,
            "id": "step_function_role",
            "inline_policy": [
              {
                "name": "step_function_policy",
                "policy": "{\"Statement\":[{\"Action\":[\"lambda:InvokeFunction\"],\"Effect\":\"Allow\",\"Resource\":\"arn:aws:lambda:eu-west-2:605126261673:function:*\"}]}"
              }
            ],
            "managed_policy_arns": [],
            "max_session_duration": 3600,
            "name": "step_function_role",
            "name_prefix": "",
            "path": "/",
            "permissions_boundary": null,
            "role_last_used": [
              {
                "last_used_date": "2023-05-12T14:11:20Z",
                "region": "eu-west-2"
              }
            ],
            "tags": {},
            "tags_all": {},
            "unique_id": "AROAYZZCV7OUUYGEL5JJY"
          },
          "sensitive_attributes": [],
          "private": "bnVsbA=="
        }
      ]
    },
    {
      "mode": "managed",
      "type": "aws_iam_role",
      "name": "terraform_function_role",
      "provider": "provider[\"registry.terraform.io/hashicorp/aws\"]",
      "instances": [
        {
          "schema_version": 0,
          "attributes": {
            "arn": "arn:aws:iam::605126261673:role/terraform_function_role",
            "assume_role_policy": "{\"Statement\":[{\"Action\":\"sts:AssumeRole\",\"Effect\":\"Allow\",\"Principal\":{\"Service\":\"lambda.amazonaws.com\"},\"Sid\":\"\"}],\"Version\":\"2012-10-17\"}",
            "create_date": "2023-05-12T13:22:26Z",
            "description": "",
            "force_detach_policies": false,
            "id": "terraform_function_role",
            "inline_policy": [],
            "managed_policy_arns": [],
            "max_session_duration": 3600,
            "name": "terraform_function_role",
            "name_prefix": "",
            "path": "/",
            "permissions_boundary": null,
            "role_last_used": [
              {
                "last_used_date": "2023-05-12T14:17:41Z",
                "region": "eu-west-2"
              }
            ],
            "tags": {},
            "tags_all": {},
            "unique_id": "AROAYZZCV7OUSFKPAOTTL"
          },
          "sensitive_attributes": [],
          "private": "bnVsbA==",
          "dependencies": [
            "data.aws_iam_policy_document.AWSLambdaTrustPolicy"
          ]
        }
      ]
    },
    {
      "mode": "managed",
      "type": "aws_iam_role_policy",
      "name": "step_function_policy",
      "provider": "provider[\"registry.terraform.io/hashicorp/aws\"]",
      "instances": [
        {
          "schema_version": 0,
          "attributes": {
            "id": "step_function_role:step_function_policy",
            "name": "step_function_policy",
            "name_prefix": null,
            "policy": "{\"Statement\":[{\"Action\":[\"lambda:InvokeFunction\"],\"Effect\":\"Allow\",\"Resource\":\"arn:aws:lambda:eu-west-2:605126261673:function:*\"}]}",
            "role": "step_function_role"
          },
          "sensitive_attributes": [],
          "private": "bnVsbA==",
          "dependencies": [
            "aws_iam_role.step_function_role"
          ]
        }
      ]
    },
    {
      "mode": "managed",
      "type": "aws_lambda_function",
      "name": "extract_function",
      "provider": "provider[\"registry.terraform.io/hashicorp/aws\"]",
      "instances": [
        {
          "schema_version": 0,
          "attributes": {
            "architectures": [
              "x86_64"
            ],
            "arn": "arn:aws:lambda:eu-west-2:605126261673:function:t3-extract-lambda",
            "code_signing_config_arn": "",
            "dead_letter_config": [],
            "description": "",
            "environment": [
              {
                "variables": {
                  "ACCESS_KEY": "AKIAYZZCV7OUVYI4MMMP",
                  "DATABASE_IP": "t3-output-rds.c1i5dspnearp.eu-west-2.rds.amazonaws.com",
                  "DATABASE_NAME": "plant",
                  "DATABASE_PASSWORD": "c7-is-THE-best-cohort",
                  "DATABASE_PORT": "5432",
                  "DATABASE_USERNAME": "postgres",
                  "SCHEMA_NAME": "raw",
                  "SECRET_KEY": "4S1p+F4MeZykKHs87Pe49N8r9hFqXXh6j6Byy1f1"
                }
              }
            ],
            "ephemeral_storage": [
              {
                "size": 512
              }
            ],
            "file_system_config": [],
            "filename": null,
            "function_name": "t3-extract-lambda",
            "handler": "",
            "id": "t3-extract-lambda",
            "image_config": [],
            "image_uri": "605126261673.dkr.ecr.eu-west-2.amazonaws.com/t3-ecr-extract:latest",
            "invoke_arn": "arn:aws:apigateway:eu-west-2:lambda:path/2015-03-31/functions/arn:aws:lambda:eu-west-2:605126261673:function:t3-extract-lambda/invocations",
            "kms_key_arn": "",
            "last_modified": "2023-05-12T14:02:14.000+0000",
            "layers": [],
            "memory_size": 1024,
            "package_type": "Image",
            "publish": false,
            "qualified_arn": "arn:aws:lambda:eu-west-2:605126261673:function:t3-extract-lambda:$LATEST",
            "qualified_invoke_arn": "arn:aws:apigateway:eu-west-2:lambda:path/2015-03-31/functions/arn:aws:lambda:eu-west-2:605126261673:function:t3-extract-lambda:$LATEST/invocations",
            "replace_security_groups_on_destroy": null,
            "replacement_security_group_ids": null,
            "reserved_concurrent_executions": -1,
            "role": "arn:aws:iam::605126261673:role/terraform_function_role",
            "runtime": "",
            "s3_bucket": null,
            "s3_key": null,
            "s3_object_version": null,
            "signing_job_arn": "",
            "signing_profile_version_arn": "",
            "skip_destroy": false,
            "snap_start": [],
            "source_code_hash": "f9bd801c817c956ec246e5ac00025da24bfea2aabd2c280b18cac7a9aee29058",
            "source_code_size": 0,
            "tags": {},
            "tags_all": {},
            "timeout": 50,
            "timeouts": null,
            "tracing_config": [
              {
                "mode": "PassThrough"
              }
            ],
            "version": "$LATEST",
            "vpc_config": []
          },
          "sensitive_attributes": [],
          "private": "eyJlMmJmYjczMC1lY2FhLTExZTYtOGY4OC0zNDM2M2JjN2M0YzAiOnsiY3JlYXRlIjo2MDAwMDAwMDAwMDAsImRlbGV0ZSI6NjAwMDAwMDAwMDAwLCJ1cGRhdGUiOjYwMDAwMDAwMDAwMH19",
          "dependencies": [
            "aws_db_instance.t3-output-rds",
            "aws_iam_role.terraform_function_role",
            "data.aws_ecr_repository.t3-ecr-extract",
            "data.aws_iam_policy_document.AWSLambdaTrustPolicy"
          ]
        }
      ]
    },
    {
      "mode": "managed",
      "type": "aws_lambda_function",
      "name": "load_function",
      "provider": "provider[\"registry.terraform.io/hashicorp/aws\"]",
      "instances": [
        {
          "schema_version": 0,
          "attributes": {
            "architectures": [
              "x86_64"
            ],
            "arn": "arn:aws:lambda:eu-west-2:605126261673:function:t3-load-lambda",
            "code_signing_config_arn": "",
            "dead_letter_config": [],
            "description": "",
            "environment": [
              {
                "variables": {
                  "ACCESS_KEY": "AKIAYZZCV7OUVYI4MMMP",
                  "DATABASE_IP": "t3-output-rds.c1i5dspnearp.eu-west-2.rds.amazonaws.com",
                  "DATABASE_NAME": "plant",
                  "DATABASE_PASSWORD": "c7-is-THE-best-cohort",
                  "DATABASE_PORT": "5432",
                  "DATABASE_USERNAME": "postgres",
                  "SECRET_KEY": "4S1p+F4MeZykKHs87Pe49N8r9hFqXXh6j6Byy1f1"
                }
              }
            ],
            "ephemeral_storage": [
              {
                "size": 512
              }
            ],
            "file_system_config": [],
            "filename": null,
            "function_name": "t3-load-lambda",
            "handler": "",
            "id": "t3-load-lambda",
            "image_config": [],
            "image_uri": "605126261673.dkr.ecr.eu-west-2.amazonaws.com/t3-ecr-load:latest",
            "invoke_arn": "arn:aws:apigateway:eu-west-2:lambda:path/2015-03-31/functions/arn:aws:lambda:eu-west-2:605126261673:function:t3-load-lambda/invocations",
            "kms_key_arn": "",
            "last_modified": "2023-05-12T14:02:14.000+0000",
            "layers": [],
            "memory_size": 1024,
            "package_type": "Image",
            "publish": false,
            "qualified_arn": "arn:aws:lambda:eu-west-2:605126261673:function:t3-load-lambda:$LATEST",
            "qualified_invoke_arn": "arn:aws:apigateway:eu-west-2:lambda:path/2015-03-31/functions/arn:aws:lambda:eu-west-2:605126261673:function:t3-load-lambda:$LATEST/invocations",
            "replace_security_groups_on_destroy": null,
            "replacement_security_group_ids": null,
            "reserved_concurrent_executions": -1,
            "role": "arn:aws:iam::605126261673:role/terraform_function_role",
            "runtime": "",
            "s3_bucket": null,
            "s3_key": null,
            "s3_object_version": null,
            "signing_job_arn": "",
            "signing_profile_version_arn": "",
            "skip_destroy": false,
            "snap_start": [],
            "source_code_hash": "e57851fe8e14847f1319e8006347f17eaab7822d7123d134d2c1b3e784e5cbb3",
            "source_code_size": 0,
            "tags": {},
            "tags_all": {},
            "timeout": 50,
            "timeouts": null,
            "tracing_config": [
              {
                "mode": "PassThrough"
              }
            ],
            "version": "$LATEST",
            "vpc_config": []
          },
          "sensitive_attributes": [],
          "private": "eyJlMmJmYjczMC1lY2FhLTExZTYtOGY4OC0zNDM2M2JjN2M0YzAiOnsiY3JlYXRlIjo2MDAwMDAwMDAwMDAsImRlbGV0ZSI6NjAwMDAwMDAwMDAwLCJ1cGRhdGUiOjYwMDAwMDAwMDAwMH19",
          "dependencies": [
            "aws_db_instance.t3-output-rds",
            "aws_iam_role.terraform_function_role",
            "data.aws_ecr_repository.t3-ecr-load",
            "data.aws_iam_policy_document.AWSLambdaTrustPolicy"
          ]
        }
      ]
    },
    {
      "mode": "managed",
      "type": "aws_lambda_function",
      "name": "transform_function",
      "provider": "provider[\"registry.terraform.io/hashicorp/aws\"]",
      "instances": [
        {
          "schema_version": 0,
          "attributes": {
            "architectures": [
              "x86_64"
            ],
            "arn": "arn:aws:lambda:eu-west-2:605126261673:function:t3-transform-lambda",
            "code_signing_config_arn": "",
            "dead_letter_config": [],
            "description": "",
            "environment": [
              {
                "variables": {
                  "ACCESS_KEY": "AKIAYZZCV7OUVYI4MMMP",
                  "DATABASE_IP": "t3-output-rds.c1i5dspnearp.eu-west-2.rds.amazonaws.com",
                  "DATABASE_NAME": "plant",
                  "DATABASE_PASSWORD": "c7-is-THE-best-cohort",
                  "DATABASE_PORT": "5432",
                  "DATABASE_USERNAME": "postgres",
                  "SECRET_KEY": "4S1p+F4MeZykKHs87Pe49N8r9hFqXXh6j6Byy1f1"
                }
              }
            ],
            "ephemeral_storage": [
              {
                "size": 512
              }
            ],
            "file_system_config": [],
            "filename": null,
            "function_name": "t3-transform-lambda",
            "handler": "",
            "id": "t3-transform-lambda",
            "image_config": [],
            "image_uri": "605126261673.dkr.ecr.eu-west-2.amazonaws.com/t3-ecr-transform:latest",
            "invoke_arn": "arn:aws:apigateway:eu-west-2:lambda:path/2015-03-31/functions/arn:aws:lambda:eu-west-2:605126261673:function:t3-transform-lambda/invocations",
            "kms_key_arn": "",
            "last_modified": "2023-05-12T14:02:14.000+0000",
            "layers": [],
            "memory_size": 1024,
            "package_type": "Image",
            "publish": false,
            "qualified_arn": "arn:aws:lambda:eu-west-2:605126261673:function:t3-transform-lambda:$LATEST",
            "qualified_invoke_arn": "arn:aws:apigateway:eu-west-2:lambda:path/2015-03-31/functions/arn:aws:lambda:eu-west-2:605126261673:function:t3-transform-lambda:$LATEST/invocations",
            "replace_security_groups_on_destroy": null,
            "replacement_security_group_ids": null,
            "reserved_concurrent_executions": -1,
            "role": "arn:aws:iam::605126261673:role/terraform_function_role",
            "runtime": "",
            "s3_bucket": null,
            "s3_key": null,
            "s3_object_version": null,
            "signing_job_arn": "",
            "signing_profile_version_arn": "",
            "skip_destroy": false,
            "snap_start": [],
            "source_code_hash": "42d42650065fb3e3f7876bff18a1b1c1c2668f7829b5a7be7ce4be72729315c8",
            "source_code_size": 0,
            "tags": {},
            "tags_all": {},
            "timeout": 50,
            "timeouts": null,
            "tracing_config": [
              {
                "mode": "PassThrough"
              }
            ],
            "version": "$LATEST",
            "vpc_config": []
          },
          "sensitive_attributes": [],
          "private": "eyJlMmJmYjczMC1lY2FhLTExZTYtOGY4OC0zNDM2M2JjN2M0YzAiOnsiY3JlYXRlIjo2MDAwMDAwMDAwMDAsImRlbGV0ZSI6NjAwMDAwMDAwMDAwLCJ1cGRhdGUiOjYwMDAwMDAwMDAwMH19",
          "dependencies": [
            "aws_db_instance.t3-output-rds",
            "aws_iam_role.terraform_function_role",
            "data.aws_ecr_repository.t3-ecr-transform",
            "data.aws_iam_policy_document.AWSLambdaTrustPolicy"
          ]
        }
      ]
    },
    {
      "mode": "managed",
      "type": "aws_s3_bucket",
      "name": "t3-transform-bucket",
      "provider": "provider[\"registry.terraform.io/hashicorp/aws\"]",
      "instances": [
        {
          "schema_version": 0,
          "attributes": {
            "acceleration_status": "",
            "acl": null,
            "arn": "arn:aws:s3:::t3-transform-bucket",
            "bucket": "t3-transform-bucket",
            "bucket_domain_name": "t3-transform-bucket.s3.amazonaws.com",
            "bucket_prefix": "",
            "bucket_regional_domain_name": "t3-transform-bucket.s3.eu-west-2.amazonaws.com",
            "cors_rule": [],
            "force_destroy": false,
            "grant": [
              {
                "id": "4f96e85a135df0d7f0345547f537c552d0c13db96b14ba67aaab85d4be9375a4",
                "permissions": [
                  "FULL_CONTROL"
                ],
                "type": "CanonicalUser",
                "uri": ""
              }
            ],
            "hosted_zone_id": "Z3GKZC51ZF0DB4",
            "id": "t3-transform-bucket",
            "lifecycle_rule": [],
            "logging": [],
            "object_lock_configuration": [],
            "object_lock_enabled": false,
            "policy": "",
            "region": "eu-west-2",
            "replication_configuration": [],
            "request_payer": "BucketOwner",
            "server_side_encryption_configuration": [
              {
                "rule": [
                  {
                    "apply_server_side_encryption_by_default": [
                      {
                        "kms_master_key_id": "",
                        "sse_algorithm": "AES256"
                      }
                    ],
                    "bucket_key_enabled": false
                  }
                ]
              }
            ],
            "tags": {},
            "tags_all": {},
            "timeouts": null,
            "versioning": [
              {
                "enabled": false,
                "mfa_delete": false
              }
            ],
            "website": [],
            "website_domain": null,
            "website_endpoint": null
          },
          "sensitive_attributes": [],
          "private": "eyJlMmJmYjczMC1lY2FhLTExZTYtOGY4OC0zNDM2M2JjN2M0YzAiOnsiY3JlYXRlIjoxMjAwMDAwMDAwMDAwLCJkZWxldGUiOjM2MDAwMDAwMDAwMDAsInJlYWQiOjEyMDAwMDAwMDAwMDAsInVwZGF0ZSI6MTIwMDAwMDAwMDAwMH19"
        }
      ]
    },
    {
      "mode": "managed",
      "type": "aws_sfn_state_machine",
      "name": "t3-state-machine",
      "provider": "provider[\"registry.terraform.io/hashicorp/aws\"]",
      "instances": [
        {
          "schema_version": 0,
          "attributes": {
            "arn": "arn:aws:states:eu-west-2:605126261673:stateMachine:t3-test-state-machine",
            "creation_date": "2023-05-12T13:29:50Z",
            "definition": "{\n  \"Comment\": \"State machine for the plant group project\",\n  \"StartAt\": \"Lambda Extract\",\n  \"States\": {\n    \"Lambda Extract\": {\n      \"Type\": \"Task\",\n      \"Resource\": \"arn:aws:lambda:eu-west-2:605126261673:function:t3-extract-lambda\",\n      \"Next\": \"Lambda Transform\"\n    },\n    \"Lambda Transform\": {\n      \"Type\": \"Task\",\n      \"Resource\": \"arn:aws:lambda:eu-west-2:605126261673:function:t3-transform-lambda\",\n      \"Next\": \"Lambda Load\"\n    },\n    \"Lambda Load\": {\n      \"Type\": \"Task\",\n      \"Resource\": \"arn:aws:lambda:eu-west-2:605126261673:function:t3-load-lambda\",\n      \"End\": true\n    }\n  }\n}\n\n",
            "id": "arn:aws:states:eu-west-2:605126261673:stateMachine:t3-test-state-machine",
            "logging_configuration": [
              {
                "include_execution_data": false,
                "level": "OFF",
                "log_destination": ""
              }
            ],
            "name": "t3-test-state-machine",
            "name_prefix": "",
            "role_arn": "arn:aws:iam::605126261673:role/step_function_role",
            "status": "ACTIVE",
            "tags": {},
            "tags_all": {},
            "timeouts": null,
            "tracing_configuration": [
              {
                "enabled": false
              }
            ],
            "type": "STANDARD"
          },
          "sensitive_attributes": [],
          "private": "eyJlMmJmYjczMC1lY2FhLTExZTYtOGY4OC0zNDM2M2JjN2M0YzAiOnsiY3JlYXRlIjozMDAwMDAwMDAwMDAsImRlbGV0ZSI6MzAwMDAwMDAwMDAwLCJ1cGRhdGUiOjYwMDAwMDAwMDAwfX0=",
          "dependencies": [
            "aws_db_instance.t3-output-rds",
            "aws_iam_role.step_function_role",
            "aws_iam_role.terraform_function_role",
            "aws_lambda_function.extract_function",
            "aws_lambda_function.load_function",
            "aws_lambda_function.transform_function",
            "data.aws_ecr_repository.t3-ecr-extract",
            "data.aws_ecr_repository.t3-ecr-load",
            "data.aws_ecr_repository.t3-ecr-transform",
            "data.aws_iam_policy_document.AWSLambdaTrustPolicy"
          ]
        }
      ]
    }
  ],
  "check_results": null
}
